
Microsoft Visual Studio Solution File, Format Version 12.00
# Visual Studio Version 17
VisualStudioVersion = 17.4.33122.133
MinimumVisualStudioVersion = 10.0.40219.1
Project("{FAE04EC0-301F-11D3-BF4B-00C04F79EFBC}") = "TicTacToeGame", "TicTacToeGame.csproj", "{7D63EC10-BB2E-44A6-9DD5-734BD965AFC1}"
EndProject
Global
	GlobalSection(SolutionConfigurationPlatforms) = preSolution
		Debug|Any CPU = Debug|Any CPU
		Release|Any CPU = Release|Any CPU
	EndGlobalSection
	GlobalSection(ProjectConfigurationPlatforms) = postSolution
		{7D63EC10-BB2E-44A6-9DD5-734BD965AFC1}.Debug|Any CPU.ActiveCfg = Debug|Any CPU
		{7D63EC10-BB2E-44A6-9DD5-734BD965AFC1}.Debug|Any CPU.Build.0 = Debug|Any CPU
		{7D63EC10-BB2E-44A6-9DD5-734BD965AFC1}.Release|Any CPU.ActiveCfg = Release|Any CPU
		{7D63EC10-BB2E-44A6-9DD5-734BD965AFC1}.Release|Any CPU.Build.0 = Release|Any CPU
	EndGlobalSection
	GlobalSection(SolutionProperties) = preSolution
		HideSolutionNode = FALSE
	EndGlobalSection
	GlobalSection(ExtensibilityGlobals) = postSolution
		SolutionGuid = {08C76971-E36E-4D6F-9726-0514B391B504}
	EndGlobalSection
EndGlobal
